// !$*UTF8*$!
{
	archiveVersion = 1;
	classes = {
	};
	objectVersion = 54;
	objects = {

/* Begin PBXBuildFile section */
		00E356F31AD99517003FC87E /* DevelfoodTests.m in Sources */ = {isa = PBXBuildFile; fileRef = 00E356F21AD99517003FC87E /* DevelfoodTests.m */; };
		0C80B921A6F3F58F76C31292 /* libPods-Develfood.a in Frameworks */ = {isa = PBXBuildFile; fileRef = 5DCACB8F33CDC322A6C60F78 /* libPods-Develfood.a */; };
		13B07FBC1A68108700A75B9A /* AppDelegate.mm in Sources */ = {isa = PBXBuildFile; fileRef = 13B07FB01A68108700A75B9A /* AppDelegate.mm */; };
		13B07FBF1A68108700A75B9A /* Images.xcassets in Resources */ = {isa = PBXBuildFile; fileRef = 13B07FB51A68108700A75B9A /* Images.xcassets */; };
		13B07FC11A68108700A75B9A /* main.m in Sources */ = {isa = PBXBuildFile; fileRef = 13B07FB71A68108700A75B9A /* main.m */; };
		7699B88040F8A987B510C191 /* libPods-Develfood-DevelfoodTests.a in Frameworks */ = {isa = PBXBuildFile; fileRef = 19F6CBCC0A4E27FBF8BF4A61 /* libPods-Develfood-DevelfoodTests.a */; };
		81AB9BB82411601600AC10FF /* LaunchScreen.storyboard in Resources */ = {isa = PBXBuildFile; fileRef = 81AB9BB72411601600AC10FF /* LaunchScreen.storyboard */; };
		A477BE6617D74D35AA4DE2A1 /* Archivo-Black.ttf in Resources */ = {isa = PBXBuildFile; fileRef = 8188A3C7C8F1480797614FBE /* Archivo-Black.ttf */; };
		11130E201180499DA1782079 /* Archivo-Bold.ttf in Resources */ = {isa = PBXBuildFile; fileRef = DD97B570F37F4E418C9DCB0D /* Archivo-Bold.ttf */; };
		490D2ECA947D4C86AFD3A012 /* Archivo-Light.ttf in Resources */ = {isa = PBXBuildFile; fileRef = 1990D5E01ABC4693B669B5B0 /* Archivo-Light.ttf */; };
		C9B70EEC4AFB4566ADC9D238 /* Archivo-Medium.ttf in Resources */ = {isa = PBXBuildFile; fileRef = 77D138D27E184CFBB0713940 /* Archivo-Medium.ttf */; };
		D7F8B4E759F242F6B9092C0B /* Archivo-Regular.ttf in Resources */ = {isa = PBXBuildFile; fileRef = 331AACF36DD8444EB2669AAE /* Archivo-Regular.ttf */; };
		9A2707052504478B9E008DB7 /* Archivo-Thin.ttf in Resources */ = {isa = PBXBuildFile; fileRef = D9AE3A40815F410E9C3F9AB7 /* Archivo-Thin.ttf */; };
		F1FAAB55754F4CE68DC4C19A /* Inter-Black.ttf in Resources */ = {isa = PBXBuildFile; fileRef = D5AA1E421B224C2C97435E35 /* Inter-Black.ttf */; };
		EC63DE0811364D1295E86C5F /* Inter-Bold.ttf in Resources */ = {isa = PBXBuildFile; fileRef = 40A7DEBD29264AB4A3752E79 /* Inter-Bold.ttf */; };
		78A3B33F39A14F15860E93DE /* Inter-Light.ttf in Resources */ = {isa = PBXBuildFile; fileRef = 8589389E24FD430E9A3F3EED /* Inter-Light.ttf */; };
		4388E07A50934278A6849F40 /* Inter-Medium.ttf in Resources */ = {isa = PBXBuildFile; fileRef = FCB6ED5A04EF4635A83B0640 /* Inter-Medium.ttf */; };
		F9CDFB34315E423591E96DEF /* Inter-Regular.ttf in Resources */ = {isa = PBXBuildFile; fileRef = AED900F434464355B30D95E4 /* Inter-Regular.ttf */; };
		0C08280208E14185B0428BA5 /* Inter-Thin.ttf in Resources */ = {isa = PBXBuildFile; fileRef = 84A43E1AC88544C8B6E178DE /* Inter-Thin.ttf */; };
		1DB2E2A8CE9A4AB0A6D05B02 /* back-arrow.png in Resources */ = {isa = PBXBuildFile; fileRef = 0F83A12DD06A4D289AE0CB4A /* back-arrow.png */; };
		EDE7966BD03E4036967D4083 /* back.png in Resources */ = {isa = PBXBuildFile; fileRef = 503B2839F19A46008C48B5C2 /* back.png */; };
		9D7D654BAD8C48DB9A899C27 /* banner.png in Resources */ = {isa = PBXBuildFile; fileRef = 530559BEDAA54958A2F3DA2B /* banner.png */; };
		8E2378543FEE4F048A985133 /* basket.png in Resources */ = {isa = PBXBuildFile; fileRef = 31A4D7FDB5BA4A5CB5A9233F /* basket.png */; };
		74FA3DF12C9D4808A4052E9E /* cadastroConcluido0.png in Resources */ = {isa = PBXBuildFile; fileRef = B6FB1B44FF134C02AD67BAF2 /* cadastroConcluido0.png */; };
		253D1069DDF8423CAA19CBF8 /* CadastroConcluido1.png in Resources */ = {isa = PBXBuildFile; fileRef = 34B009C78FD54152B8373761 /* CadastroConcluido1.png */; };
		532A9A097F40422189C0CAA3 /* CadastroConcluido2.png in Resources */ = {isa = PBXBuildFile; fileRef = 0E4BF20D5A73439ABAD29F3D /* CadastroConcluido2.png */; };
		404930EB61D24968AA9D4A21 /* CadastroFinalizado.png in Resources */ = {isa = PBXBuildFile; fileRef = 8CFD429878E3438AA01D2753 /* CadastroFinalizado.png */; };
		A6D0BAE42A1A4AD7B89F7F53 /* cancel_FILL0_wght400_GRAD0_opsz48.png in Resources */ = {isa = PBXBuildFile; fileRef = B5C6FC43F3734465B26D05DD /* cancel_FILL0_wght400_GRAD0_opsz48.png */; };
		216D87153FB34140918BE91C /* checkoutSuccess.png in Resources */ = {isa = PBXBuildFile; fileRef = 12DE5779E78F423B9C362D02 /* checkoutSuccess.png */; };
		D2CB9932AD004779A0F1466D /* close_FILL0_wght400_GRAD0_opsz48.png in Resources */ = {isa = PBXBuildFile; fileRef = 090F8243DFB747B39628C220 /* close_FILL0_wght400_GRAD0_opsz48.png */; };
		BAF43E39B36F4FADAEAE3FCE /* credencial.png in Resources */ = {isa = PBXBuildFile; fileRef = 353C9F9C5FE24A258CA8ED4A /* credencial.png */; };
		AA0E67A38E064F39B4482340 /* credit-card.svg in Resources */ = {isa = PBXBuildFile; fileRef = EDC2DF0274B8497EBA688307 /* credit-card.svg */; };
		3B1E32594DF147FFAA96E6EC /* defaultRestaurant.png in Resources */ = {isa = PBXBuildFile; fileRef = 5F32CE7681F0429A90C3D410 /* defaultRestaurant.png */; };
		2805136603774B089C87BCAB /* delete_forever_FILL0_wght400_GRAD0_opsz48.png in Resources */ = {isa = PBXBuildFile; fileRef = 102A9242B75446318ABFA902 /* delete_forever_FILL0_wght400_GRAD0_opsz48.png */; };
		E3C4C97683484222BFD0BC65 /* dollarSign.png in Resources */ = {isa = PBXBuildFile; fileRef = B9B508C29AC14138B8F2837D /* dollarSign.png */; };
		68D79404D15644E7812AA415 /* emptyHeart.png in Resources */ = {isa = PBXBuildFile; fileRef = E0C9FC1E0D65465EB9ACADB4 /* emptyHeart.png */; };
		78A09630963E43DDA8DA33F4 /* eye.png in Resources */ = {isa = PBXBuildFile; fileRef = 30B6FB37E3494FD785CE7EFC /* eye.png */; };
		711D2104C0D94745AA12FC56 /* eyeCrossed.png in Resources */ = {isa = PBXBuildFile; fileRef = E3B044EB667140A4B3527D53 /* eyeCrossed.png */; };
		4FE8F83B54804E8798B54C0E /* googlemaps.png in Resources */ = {isa = PBXBuildFile; fileRef = AC3297C26CA3464CA8365BAC /* googlemaps.png */; };
		42C30CF75DE847E3B5C8EA5B /* greenCheck.png in Resources */ = {isa = PBXBuildFile; fileRef = A729DF4C0EB2470CB1CD763E /* greenCheck.png */; };
		6D592635B0A04D5D840EA00D /* hamburguer.png in Resources */ = {isa = PBXBuildFile; fileRef = B74565CD03E240AE942E9497 /* hamburguer.png */; };
		B3272A3AD18E4D519AF6319E /* heart.png in Resources */ = {isa = PBXBuildFile; fileRef = D350FE02A7374F6F82A20447 /* heart.png */; };
		A96B779B7A00482587F6E546 /* historic.png in Resources */ = {isa = PBXBuildFile; fileRef = D97B71A3FE1E4D8FA140C6BD /* historic.png */; };
		9941F124CDDE46FA83B3FBF4 /* home.png in Resources */ = {isa = PBXBuildFile; fileRef = 865E0F16346347CF9A94BE40 /* home.png */; };
		E8C2A773A6CD4E5B9D295901 /* localizacao.png in Resources */ = {isa = PBXBuildFile; fileRef = CAF89667272C4D668F51FC1A /* localizacao.png */; };
		AA75F44C68394EF690868336 /* lock.png in Resources */ = {isa = PBXBuildFile; fileRef = 8B4E25627DC44830BA9E2EF1 /* lock.png */; };
		A23A9FCD29864BF598026930 /* logo.png in Resources */ = {isa = PBXBuildFile; fileRef = 14F202D2FE23427EA9478DF3 /* logo.png */; };
		E0382F6931334F809CDAEE70 /* logoF.png in Resources */ = {isa = PBXBuildFile; fileRef = 6A838AFBD7414BA7800708E9 /* logoF.png */; };
		1D83BD1E136A4ADAAA39CC1F /* logoLogin.png in Resources */ = {isa = PBXBuildFile; fileRef = 57E7FA2099F24397BD534A17 /* logoLogin.png */; };
		31FE1E31B2804BF0BC18CB68 /* logoSplash.png in Resources */ = {isa = PBXBuildFile; fileRef = 03E5541307FF43C18DC2E7C8 /* logoSplash.png */; };
		966E393274E94A948E22EF6D /* lupa.png in Resources */ = {isa = PBXBuildFile; fileRef = 61552323EACA4CB68344CCED /* lupa.png */; };
		0B2994AE9B034E50A322E3D4 /* mail.png in Resources */ = {isa = PBXBuildFile; fileRef = D0A26B9E65CF4FA7AC33B803 /* mail.png */; };
		C3E9050D6FDF47DCA12AECC8 /* map.png in Resources */ = {isa = PBXBuildFile; fileRef = 990583194BF24D588CBBE549 /* map.png */; };
		B1B6EDD3A9D746AEB508176B /* mctasty.png in Resources */ = {isa = PBXBuildFile; fileRef = 0778287F12CE413A8FB7E44E /* mctasty.png */; };
		79A53C8AFE16432984C8D964 /* noItemsCheckout.png in Resources */ = {isa = PBXBuildFile; fileRef = ED8322D5F7F14541A8B025C8 /* noItemsCheckout.png */; };
		8DE5022D7DD74BABBEDD2BB7 /* notFound.png in Resources */ = {isa = PBXBuildFile; fileRef = 7788BC3EDBD0492C90D1A02F /* notFound.png */; };
		0E6309B5ECC149509C492B35 /* pessoa.png in Resources */ = {isa = PBXBuildFile; fileRef = EDDED9F207B140C8B6C7C620 /* pessoa.png */; };
		B9141F75C0214B8594B2DE12 /* pin.png in Resources */ = {isa = PBXBuildFile; fileRef = 1A02647B975649EE896134C4 /* pin.png */; };
		4F147E0FFBD8489A9E4D81DE /* pinMap.png in Resources */ = {isa = PBXBuildFile; fileRef = 981D9824202D4317BB037AC6 /* pinMap.png */; };
		286C4BED16084B748597AA7A /* pizza.png in Resources */ = {isa = PBXBuildFile; fileRef = 016112C729A94B6E83C1B0A9 /* pizza.png */; };
		5DD10B3792404BE3BE973255 /* pozinho.png in Resources */ = {isa = PBXBuildFile; fileRef = 4217EDF082114A2A9BC44CF3 /* pozinho.png */; };
		398F335D73EE4AECACB868DE /* profile.png in Resources */ = {isa = PBXBuildFile; fileRef = 474083421D264154B0939039 /* profile.png */; };
		BD44C37A2C2A45D389CF9F5F /* restaurantBanner.png in Resources */ = {isa = PBXBuildFile; fileRef = 6FFDEB24E0514C56A664EAE8 /* restaurantBanner.png */; };
		AD84D92B8A9E4C18ADF3A115 /* rightIndicator.png in Resources */ = {isa = PBXBuildFile; fileRef = 44382558A55648458EA46494 /* rightIndicator.png */; };
		C6ED5EAD32E4402482488264 /* star.png in Resources */ = {isa = PBXBuildFile; fileRef = FE51901F52FE40AAAEBA3D1C /* star.png */; };
		DF3842C484E44FD88938FDD3 /* tasty.jpg in Resources */ = {isa = PBXBuildFile; fileRef = 96C501335E564CDAA30FD193 /* tasty.jpg */; };
		F239992D2A0B49849273F1BB /* telefone.png in Resources */ = {isa = PBXBuildFile; fileRef = A86300EFAA7F428EBC8DF5E9 /* telefone.png */; };
		DED13F3C60334B86A0C2C37F /* trash.png in Resources */ = {isa = PBXBuildFile; fileRef = B9C935CFA89242F78C3E9C1B /* trash.png */; };
		9F89794AA7E54FEBA351764C /* x.png in Resources */ = {isa = PBXBuildFile; fileRef = 0AD856D2DD0D427692BAEFB4 /* x.png */; };
		7CA954743FF94F4A8DF619B7 /* NotoSans-Black.ttf in Resources */ = {isa = PBXBuildFile; fileRef = EC40834D10B141D69A73DA59 /* NotoSans-Black.ttf */; };
		8725AE36A8814DD9AB844D28 /* NotoSans-Bold.ttf in Resources */ = {isa = PBXBuildFile; fileRef = 07444CE5A7794A968AC27B2B /* NotoSans-Bold.ttf */; };
		E881A1C5E57F445E9785DEFC /* NotoSans-ExtraLight.ttf in Resources */ = {isa = PBXBuildFile; fileRef = 3FCCAB72C35242988F78FFAB /* NotoSans-ExtraLight.ttf */; };
		D48BB4D7419547998642010E /* NotoSans-Light.ttf in Resources */ = {isa = PBXBuildFile; fileRef = BC2EF0703B494537B80330A9 /* NotoSans-Light.ttf */; };
		A3131272BDD140B58FEFA5C2 /* NotoSans-Medium.ttf in Resources */ = {isa = PBXBuildFile; fileRef = 73FA1D35D4E8443E838B37B3 /* NotoSans-Medium.ttf */; };
/* End PBXBuildFile section */

/* Begin PBXContainerItemProxy section */
		00E356F41AD99517003FC87E /* PBXContainerItemProxy */ = {
			isa = PBXContainerItemProxy;
			containerPortal = 83CBB9F71A601CBA00E9B192 /* Project object */;
			proxyType = 1;
			remoteGlobalIDString = 13B07F861A680F5B00A75B9A;
			remoteInfo = Develfood;
		};
/* End PBXContainerItemProxy section */

/* Begin PBXFileReference section */
		00E356EE1AD99517003FC87E /* DevelfoodTests.xctest */ = {isa = PBXFileReference; explicitFileType = wrapper.cfbundle; includeInIndex = 0; path = DevelfoodTests.xctest; sourceTree = BUILT_PRODUCTS_DIR; };
		00E356F11AD99517003FC87E /* Info.plist */ = {isa = PBXFileReference; lastKnownFileType = text.plist.xml; path = Info.plist; sourceTree = "<group>"; };
		00E356F21AD99517003FC87E /* DevelfoodTests.m */ = {isa = PBXFileReference; lastKnownFileType = sourcecode.c.objc; path = DevelfoodTests.m; sourceTree = "<group>"; };
		13B07F961A680F5B00A75B9A /* Develfood.app */ = {isa = PBXFileReference; explicitFileType = wrapper.application; includeInIndex = 0; path = Develfood.app; sourceTree = BUILT_PRODUCTS_DIR; };
		13B07FAF1A68108700A75B9A /* AppDelegate.h */ = {isa = PBXFileReference; fileEncoding = 4; lastKnownFileType = sourcecode.c.h; name = AppDelegate.h; path = Develfood/AppDelegate.h; sourceTree = "<group>"; };
		13B07FB01A68108700A75B9A /* AppDelegate.mm */ = {isa = PBXFileReference; fileEncoding = 4; lastKnownFileType = sourcecode.cpp.objcpp; name = AppDelegate.mm; path = Develfood/AppDelegate.mm; sourceTree = "<group>"; };
		13B07FB51A68108700A75B9A /* Images.xcassets */ = {isa = PBXFileReference; lastKnownFileType = folder.assetcatalog; name = Images.xcassets; path = Develfood/Images.xcassets; sourceTree = "<group>"; };
		13B07FB61A68108700A75B9A /* Info.plist */ = {isa = PBXFileReference; fileEncoding = 4; lastKnownFileType = text.plist.xml; name = Info.plist; path = Develfood/Info.plist; sourceTree = "<group>"; };
		13B07FB71A68108700A75B9A /* main.m */ = {isa = PBXFileReference; fileEncoding = 4; lastKnownFileType = sourcecode.c.objc; name = main.m; path = Develfood/main.m; sourceTree = "<group>"; };
		19F6CBCC0A4E27FBF8BF4A61 /* libPods-Develfood-DevelfoodTests.a */ = {isa = PBXFileReference; explicitFileType = archive.ar; includeInIndex = 0; path = "libPods-Develfood-DevelfoodTests.a"; sourceTree = BUILT_PRODUCTS_DIR; };
		3B4392A12AC88292D35C810B /* Pods-Develfood.debug.xcconfig */ = {isa = PBXFileReference; includeInIndex = 1; lastKnownFileType = text.xcconfig; name = "Pods-Develfood.debug.xcconfig"; path = "Target Support Files/Pods-Develfood/Pods-Develfood.debug.xcconfig"; sourceTree = "<group>"; };
		5709B34CF0A7D63546082F79 /* Pods-Develfood.release.xcconfig */ = {isa = PBXFileReference; includeInIndex = 1; lastKnownFileType = text.xcconfig; name = "Pods-Develfood.release.xcconfig"; path = "Target Support Files/Pods-Develfood/Pods-Develfood.release.xcconfig"; sourceTree = "<group>"; };
		5B7EB9410499542E8C5724F5 /* Pods-Develfood-DevelfoodTests.debug.xcconfig */ = {isa = PBXFileReference; includeInIndex = 1; lastKnownFileType = text.xcconfig; name = "Pods-Develfood-DevelfoodTests.debug.xcconfig"; path = "Target Support Files/Pods-Develfood-DevelfoodTests/Pods-Develfood-DevelfoodTests.debug.xcconfig"; sourceTree = "<group>"; };
		5DCACB8F33CDC322A6C60F78 /* libPods-Develfood.a */ = {isa = PBXFileReference; explicitFileType = archive.ar; includeInIndex = 0; path = "libPods-Develfood.a"; sourceTree = BUILT_PRODUCTS_DIR; };
		81AB9BB72411601600AC10FF /* LaunchScreen.storyboard */ = {isa = PBXFileReference; fileEncoding = 4; lastKnownFileType = file.storyboard; name = LaunchScreen.storyboard; path = Develfood/LaunchScreen.storyboard; sourceTree = "<group>"; };
		89C6BE57DB24E9ADA2F236DE /* Pods-Develfood-DevelfoodTests.release.xcconfig */ = {isa = PBXFileReference; includeInIndex = 1; lastKnownFileType = text.xcconfig; name = "Pods-Develfood-DevelfoodTests.release.xcconfig"; path = "Target Support Files/Pods-Develfood-DevelfoodTests/Pods-Develfood-DevelfoodTests.release.xcconfig"; sourceTree = "<group>"; };
		ED297162215061F000B7C4FE /* JavaScriptCore.framework */ = {isa = PBXFileReference; lastKnownFileType = wrapper.framework; name = JavaScriptCore.framework; path = System/Library/Frameworks/JavaScriptCore.framework; sourceTree = SDKROOT; };
		8188A3C7C8F1480797614FBE /* Archivo-Black.ttf */ = {isa = PBXFileReference; name = "Archivo-Black.ttf"; path = "../src/assets/fonts/Archivo-Black.ttf"; sourceTree = "<group>"; fileEncoding = undefined; lastKnownFileType = unknown; explicitFileType = undefined; includeInIndex = 0; };
		DD97B570F37F4E418C9DCB0D /* Archivo-Bold.ttf */ = {isa = PBXFileReference; name = "Archivo-Bold.ttf"; path = "../src/assets/fonts/Archivo-Bold.ttf"; sourceTree = "<group>"; fileEncoding = undefined; lastKnownFileType = unknown; explicitFileType = undefined; includeInIndex = 0; };
		1990D5E01ABC4693B669B5B0 /* Archivo-Light.ttf */ = {isa = PBXFileReference; name = "Archivo-Light.ttf"; path = "../src/assets/fonts/Archivo-Light.ttf"; sourceTree = "<group>"; fileEncoding = undefined; lastKnownFileType = unknown; explicitFileType = undefined; includeInIndex = 0; };
		77D138D27E184CFBB0713940 /* Archivo-Medium.ttf */ = {isa = PBXFileReference; name = "Archivo-Medium.ttf"; path = "../src/assets/fonts/Archivo-Medium.ttf"; sourceTree = "<group>"; fileEncoding = undefined; lastKnownFileType = unknown; explicitFileType = undefined; includeInIndex = 0; };
		331AACF36DD8444EB2669AAE /* Archivo-Regular.ttf */ = {isa = PBXFileReference; name = "Archivo-Regular.ttf"; path = "../src/assets/fonts/Archivo-Regular.ttf"; sourceTree = "<group>"; fileEncoding = undefined; lastKnownFileType = unknown; explicitFileType = undefined; includeInIndex = 0; };
		D9AE3A40815F410E9C3F9AB7 /* Archivo-Thin.ttf */ = {isa = PBXFileReference; name = "Archivo-Thin.ttf"; path = "../src/assets/fonts/Archivo-Thin.ttf"; sourceTree = "<group>"; fileEncoding = undefined; lastKnownFileType = unknown; explicitFileType = undefined; includeInIndex = 0; };
		D5AA1E421B224C2C97435E35 /* Inter-Black.ttf */ = {isa = PBXFileReference; name = "Inter-Black.ttf"; path = "../src/assets/fonts/Inter-Black.ttf"; sourceTree = "<group>"; fileEncoding = undefined; lastKnownFileType = unknown; explicitFileType = undefined; includeInIndex = 0; };
		40A7DEBD29264AB4A3752E79 /* Inter-Bold.ttf */ = {isa = PBXFileReference; name = "Inter-Bold.ttf"; path = "../src/assets/fonts/Inter-Bold.ttf"; sourceTree = "<group>"; fileEncoding = undefined; lastKnownFileType = unknown; explicitFileType = undefined; includeInIndex = 0; };
		8589389E24FD430E9A3F3EED /* Inter-Light.ttf */ = {isa = PBXFileReference; name = "Inter-Light.ttf"; path = "../src/assets/fonts/Inter-Light.ttf"; sourceTree = "<group>"; fileEncoding = undefined; lastKnownFileType = unknown; explicitFileType = undefined; includeInIndex = 0; };
		FCB6ED5A04EF4635A83B0640 /* Inter-Medium.ttf */ = {isa = PBXFileReference; name = "Inter-Medium.ttf"; path = "../src/assets/fonts/Inter-Medium.ttf"; sourceTree = "<group>"; fileEncoding = undefined; lastKnownFileType = unknown; explicitFileType = undefined; includeInIndex = 0; };
		AED900F434464355B30D95E4 /* Inter-Regular.ttf */ = {isa = PBXFileReference; name = "Inter-Regular.ttf"; path = "../src/assets/fonts/Inter-Regular.ttf"; sourceTree = "<group>"; fileEncoding = undefined; lastKnownFileType = unknown; explicitFileType = undefined; includeInIndex = 0; };
		84A43E1AC88544C8B6E178DE /* Inter-Thin.ttf */ = {isa = PBXFileReference; name = "Inter-Thin.ttf"; path = "../src/assets/fonts/Inter-Thin.ttf"; sourceTree = "<group>"; fileEncoding = undefined; lastKnownFileType = unknown; explicitFileType = undefined; includeInIndex = 0; };
		0F83A12DD06A4D289AE0CB4A /* back-arrow.png */ = {isa = PBXFileReference; name = "back-arrow.png"; path = "../src/assets/icons/back-arrow.png"; sourceTree = "<group>"; fileEncoding = undefined; lastKnownFileType = unknown; explicitFileType = undefined; includeInIndex = 0; };
		503B2839F19A46008C48B5C2 /* back.png */ = {isa = PBXFileReference; name = "back.png"; path = "../src/assets/icons/back.png"; sourceTree = "<group>"; fileEncoding = undefined; lastKnownFileType = unknown; explicitFileType = undefined; includeInIndex = 0; };
		530559BEDAA54958A2F3DA2B /* banner.png */ = {isa = PBXFileReference; name = "banner.png"; path = "../src/assets/icons/banner.png"; sourceTree = "<group>"; fileEncoding = undefined; lastKnownFileType = unknown; explicitFileType = undefined; includeInIndex = 0; };
		31A4D7FDB5BA4A5CB5A9233F /* basket.png */ = {isa = PBXFileReference; name = "basket.png"; path = "../src/assets/icons/basket.png"; sourceTree = "<group>"; fileEncoding = undefined; lastKnownFileType = unknown; explicitFileType = undefined; includeInIndex = 0; };
		B6FB1B44FF134C02AD67BAF2 /* cadastroConcluido0.png */ = {isa = PBXFileReference; name = "cadastroConcluido0.png"; path = "../src/assets/icons/cadastroConcluido0.png"; sourceTree = "<group>"; fileEncoding = undefined; lastKnownFileType = unknown; explicitFileType = undefined; includeInIndex = 0; };
		34B009C78FD54152B8373761 /* CadastroConcluido1.png */ = {isa = PBXFileReference; name = "CadastroConcluido1.png"; path = "../src/assets/icons/CadastroConcluido1.png"; sourceTree = "<group>"; fileEncoding = undefined; lastKnownFileType = unknown; explicitFileType = undefined; includeInIndex = 0; };
		0E4BF20D5A73439ABAD29F3D /* CadastroConcluido2.png */ = {isa = PBXFileReference; name = "CadastroConcluido2.png"; path = "../src/assets/icons/CadastroConcluido2.png"; sourceTree = "<group>"; fileEncoding = undefined; lastKnownFileType = unknown; explicitFileType = undefined; includeInIndex = 0; };
		8CFD429878E3438AA01D2753 /* CadastroFinalizado.png */ = {isa = PBXFileReference; name = "CadastroFinalizado.png"; path = "../src/assets/icons/CadastroFinalizado.png"; sourceTree = "<group>"; fileEncoding = undefined; lastKnownFileType = unknown; explicitFileType = undefined; includeInIndex = 0; };
		B5C6FC43F3734465B26D05DD /* cancel_FILL0_wght400_GRAD0_opsz48.png */ = {isa = PBXFileReference; name = "cancel_FILL0_wght400_GRAD0_opsz48.png"; path = "../src/assets/icons/cancel_FILL0_wght400_GRAD0_opsz48.png"; sourceTree = "<group>"; fileEncoding = undefined; lastKnownFileType = unknown; explicitFileType = undefined; includeInIndex = 0; };
		12DE5779E78F423B9C362D02 /* checkoutSuccess.png */ = {isa = PBXFileReference; name = "checkoutSuccess.png"; path = "../src/assets/icons/checkoutSuccess.png"; sourceTree = "<group>"; fileEncoding = undefined; lastKnownFileType = unknown; explicitFileType = undefined; includeInIndex = 0; };
		090F8243DFB747B39628C220 /* close_FILL0_wght400_GRAD0_opsz48.png */ = {isa = PBXFileReference; name = "close_FILL0_wght400_GRAD0_opsz48.png"; path = "../src/assets/icons/close_FILL0_wght400_GRAD0_opsz48.png"; sourceTree = "<group>"; fileEncoding = undefined; lastKnownFileType = unknown; explicitFileType = undefined; includeInIndex = 0; };
		353C9F9C5FE24A258CA8ED4A /* credencial.png */ = {isa = PBXFileReference; name = "credencial.png"; path = "../src/assets/icons/credencial.png"; sourceTree = "<group>"; fileEncoding = undefined; lastKnownFileType = unknown; explicitFileType = undefined; includeInIndex = 0; };
		EDC2DF0274B8497EBA688307 /* credit-card.svg */ = {isa = PBXFileReference; name = "credit-card.svg"; path = "../src/assets/icons/credit-card.svg"; sourceTree = "<group>"; fileEncoding = undefined; lastKnownFileType = unknown; explicitFileType = undefined; includeInIndex = 0; };
		5F32CE7681F0429A90C3D410 /* defaultRestaurant.png */ = {isa = PBXFileReference; name = "defaultRestaurant.png"; path = "../src/assets/icons/defaultRestaurant.png"; sourceTree = "<group>"; fileEncoding = undefined; lastKnownFileType = unknown; explicitFileType = undefined; includeInIndex = 0; };
		102A9242B75446318ABFA902 /* delete_forever_FILL0_wght400_GRAD0_opsz48.png */ = {isa = PBXFileReference; name = "delete_forever_FILL0_wght400_GRAD0_opsz48.png"; path = "../src/assets/icons/delete_forever_FILL0_wght400_GRAD0_opsz48.png"; sourceTree = "<group>"; fileEncoding = undefined; lastKnownFileType = unknown; explicitFileType = undefined; includeInIndex = 0; };
		B9B508C29AC14138B8F2837D /* dollarSign.png */ = {isa = PBXFileReference; name = "dollarSign.png"; path = "../src/assets/icons/dollarSign.png"; sourceTree = "<group>"; fileEncoding = undefined; lastKnownFileType = unknown; explicitFileType = undefined; includeInIndex = 0; };
		E0C9FC1E0D65465EB9ACADB4 /* emptyHeart.png */ = {isa = PBXFileReference; name = "emptyHeart.png"; path = "../src/assets/icons/emptyHeart.png"; sourceTree = "<group>"; fileEncoding = undefined; lastKnownFileType = unknown; explicitFileType = undefined; includeInIndex = 0; };
		30B6FB37E3494FD785CE7EFC /* eye.png */ = {isa = PBXFileReference; name = "eye.png"; path = "../src/assets/icons/eye.png"; sourceTree = "<group>"; fileEncoding = undefined; lastKnownFileType = unknown; explicitFileType = undefined; includeInIndex = 0; };
		E3B044EB667140A4B3527D53 /* eyeCrossed.png */ = {isa = PBXFileReference; name = "eyeCrossed.png"; path = "../src/assets/icons/eyeCrossed.png"; sourceTree = "<group>"; fileEncoding = undefined; lastKnownFileType = unknown; explicitFileType = undefined; includeInIndex = 0; };
		AC3297C26CA3464CA8365BAC /* googlemaps.png */ = {isa = PBXFileReference; name = "googlemaps.png"; path = "../src/assets/icons/googlemaps.png"; sourceTree = "<group>"; fileEncoding = undefined; lastKnownFileType = unknown; explicitFileType = undefined; includeInIndex = 0; };
		A729DF4C0EB2470CB1CD763E /* greenCheck.png */ = {isa = PBXFileReference; name = "greenCheck.png"; path = "../src/assets/icons/greenCheck.png"; sourceTree = "<group>"; fileEncoding = undefined; lastKnownFileType = unknown; explicitFileType = undefined; includeInIndex = 0; };
		B74565CD03E240AE942E9497 /* hamburguer.png */ = {isa = PBXFileReference; name = "hamburguer.png"; path = "../src/assets/icons/hamburguer.png"; sourceTree = "<group>"; fileEncoding = undefined; lastKnownFileType = unknown; explicitFileType = undefined; includeInIndex = 0; };
		D350FE02A7374F6F82A20447 /* heart.png */ = {isa = PBXFileReference; name = "heart.png"; path = "../src/assets/icons/heart.png"; sourceTree = "<group>"; fileEncoding = undefined; lastKnownFileType = unknown; explicitFileType = undefined; includeInIndex = 0; };
		D97B71A3FE1E4D8FA140C6BD /* historic.png */ = {isa = PBXFileReference; name = "historic.png"; path = "../src/assets/icons/historic.png"; sourceTree = "<group>"; fileEncoding = undefined; lastKnownFileType = unknown; explicitFileType = undefined; includeInIndex = 0; };
		865E0F16346347CF9A94BE40 /* home.png */ = {isa = PBXFileReference; name = "home.png"; path = "../src/assets/icons/home.png"; sourceTree = "<group>"; fileEncoding = undefined; lastKnownFileType = unknown; explicitFileType = undefined; includeInIndex = 0; };
		CAF89667272C4D668F51FC1A /* localizacao.png */ = {isa = PBXFileReference; name = "localizacao.png"; path = "../src/assets/icons/localizacao.png"; sourceTree = "<group>"; fileEncoding = undefined; lastKnownFileType = unknown; explicitFileType = undefined; includeInIndex = 0; };
		8B4E25627DC44830BA9E2EF1 /* lock.png */ = {isa = PBXFileReference; name = "lock.png"; path = "../src/assets/icons/lock.png"; sourceTree = "<group>"; fileEncoding = undefined; lastKnownFileType = unknown; explicitFileType = undefined; includeInIndex = 0; };
		14F202D2FE23427EA9478DF3 /* logo.png */ = {isa = PBXFileReference; name = "logo.png"; path = "../src/assets/icons/logo.png"; sourceTree = "<group>"; fileEncoding = undefined; lastKnownFileType = unknown; explicitFileType = undefined; includeInIndex = 0; };
		6A838AFBD7414BA7800708E9 /* logoF.png */ = {isa = PBXFileReference; name = "logoF.png"; path = "../src/assets/icons/logoF.png"; sourceTree = "<group>"; fileEncoding = undefined; lastKnownFileType = unknown; explicitFileType = undefined; includeInIndex = 0; };
		57E7FA2099F24397BD534A17 /* logoLogin.png */ = {isa = PBXFileReference; name = "logoLogin.png"; path = "../src/assets/icons/logoLogin.png"; sourceTree = "<group>"; fileEncoding = undefined; lastKnownFileType = unknown; explicitFileType = undefined; includeInIndex = 0; };
		03E5541307FF43C18DC2E7C8 /* logoSplash.png */ = {isa = PBXFileReference; name = "logoSplash.png"; path = "../src/assets/icons/logoSplash.png"; sourceTree = "<group>"; fileEncoding = undefined; lastKnownFileType = unknown; explicitFileType = undefined; includeInIndex = 0; };
		61552323EACA4CB68344CCED /* lupa.png */ = {isa = PBXFileReference; name = "lupa.png"; path = "../src/assets/icons/lupa.png"; sourceTree = "<group>"; fileEncoding = undefined; lastKnownFileType = unknown; explicitFileType = undefined; includeInIndex = 0; };
		D0A26B9E65CF4FA7AC33B803 /* mail.png */ = {isa = PBXFileReference; name = "mail.png"; path = "../src/assets/icons/mail.png"; sourceTree = "<group>"; fileEncoding = undefined; lastKnownFileType = unknown; explicitFileType = undefined; includeInIndex = 0; };
		990583194BF24D588CBBE549 /* map.png */ = {isa = PBXFileReference; name = "map.png"; path = "../src/assets/icons/map.png"; sourceTree = "<group>"; fileEncoding = undefined; lastKnownFileType = unknown; explicitFileType = undefined; includeInIndex = 0; };
		0778287F12CE413A8FB7E44E /* mctasty.png */ = {isa = PBXFileReference; name = "mctasty.png"; path = "../src/assets/icons/mctasty.png"; sourceTree = "<group>"; fileEncoding = undefined; lastKnownFileType = unknown; explicitFileType = undefined; includeInIndex = 0; };
		ED8322D5F7F14541A8B025C8 /* noItemsCheckout.png */ = {isa = PBXFileReference; name = "noItemsCheckout.png"; path = "../src/assets/icons/noItemsCheckout.png"; sourceTree = "<group>"; fileEncoding = undefined; lastKnownFileType = unknown; explicitFileType = undefined; includeInIndex = 0; };
		7788BC3EDBD0492C90D1A02F /* notFound.png */ = {isa = PBXFileReference; name = "notFound.png"; path = "../src/assets/icons/notFound.png"; sourceTree = "<group>"; fileEncoding = undefined; lastKnownFileType = unknown; explicitFileType = undefined; includeInIndex = 0; };
		EDDED9F207B140C8B6C7C620 /* pessoa.png */ = {isa = PBXFileReference; name = "pessoa.png"; path = "../src/assets/icons/pessoa.png"; sourceTree = "<group>"; fileEncoding = undefined; lastKnownFileType = unknown; explicitFileType = undefined; includeInIndex = 0; };
		1A02647B975649EE896134C4 /* pin.png */ = {isa = PBXFileReference; name = "pin.png"; path = "../src/assets/icons/pin.png"; sourceTree = "<group>"; fileEncoding = undefined; lastKnownFileType = unknown; explicitFileType = undefined; includeInIndex = 0; };
		981D9824202D4317BB037AC6 /* pinMap.png */ = {isa = PBXFileReference; name = "pinMap.png"; path = "../src/assets/icons/pinMap.png"; sourceTree = "<group>"; fileEncoding = undefined; lastKnownFileType = unknown; explicitFileType = undefined; includeInIndex = 0; };
		016112C729A94B6E83C1B0A9 /* pizza.png */ = {isa = PBXFileReference; name = "pizza.png"; path = "../src/assets/icons/pizza.png"; sourceTree = "<group>"; fileEncoding = undefined; lastKnownFileType = unknown; explicitFileType = undefined; includeInIndex = 0; };
		4217EDF082114A2A9BC44CF3 /* pozinho.png */ = {isa = PBXFileReference; name = "pozinho.png"; path = "../src/assets/icons/pozinho.png"; sourceTree = "<group>"; fileEncoding = undefined; lastKnownFileType = unknown; explicitFileType = undefined; includeInIndex = 0; };
		474083421D264154B0939039 /* profile.png */ = {isa = PBXFileReference; name = "profile.png"; path = "../src/assets/icons/profile.png"; sourceTree = "<group>"; fileEncoding = undefined; lastKnownFileType = unknown; explicitFileType = undefined; includeInIndex = 0; };
		6FFDEB24E0514C56A664EAE8 /* restaurantBanner.png */ = {isa = PBXFileReference; name = "restaurantBanner.png"; path = "../src/assets/icons/restaurantBanner.png"; sourceTree = "<group>"; fileEncoding = undefined; lastKnownFileType = unknown; explicitFileType = undefined; includeInIndex = 0; };
		44382558A55648458EA46494 /* rightIndicator.png */ = {isa = PBXFileReference; name = "rightIndicator.png"; path = "../src/assets/icons/rightIndicator.png"; sourceTree = "<group>"; fileEncoding = undefined; lastKnownFileType = unknown; explicitFileType = undefined; includeInIndex = 0; };
		FE51901F52FE40AAAEBA3D1C /* star.png */ = {isa = PBXFileReference; name = "star.png"; path = "../src/assets/icons/star.png"; sourceTree = "<group>"; fileEncoding = undefined; lastKnownFileType = unknown; explicitFileType = undefined; includeInIndex = 0; };
		96C501335E564CDAA30FD193 /* tasty.jpg */ = {isa = PBXFileReference; name = "tasty.jpg"; path = "../src/assets/icons/tasty.jpg"; sourceTree = "<group>"; fileEncoding = undefined; lastKnownFileType = unknown; explicitFileType = undefined; includeInIndex = 0; };
		A86300EFAA7F428EBC8DF5E9 /* telefone.png */ = {isa = PBXFileReference; name = "telefone.png"; path = "../src/assets/icons/telefone.png"; sourceTree = "<group>"; fileEncoding = undefined; lastKnownFileType = unknown; explicitFileType = undefined; includeInIndex = 0; };
		B9C935CFA89242F78C3E9C1B /* trash.png */ = {isa = PBXFileReference; name = "trash.png"; path = "../src/assets/icons/trash.png"; sourceTree = "<group>"; fileEncoding = undefined; lastKnownFileType = unknown; explicitFileType = undefined; includeInIndex = 0; };
		0AD856D2DD0D427692BAEFB4 /* x.png */ = {isa = PBXFileReference; name = "x.png"; path = "../src/assets/icons/x.png"; sourceTree = "<group>"; fileEncoding = undefined; lastKnownFileType = unknown; explicitFileType = undefined; includeInIndex = 0; };
		EC40834D10B141D69A73DA59 /* NotoSans-Black.ttf */ = {isa = PBXFileReference; name = "NotoSans-Black.ttf"; path = "../src/assets/fonts/NotoSans-Black.ttf"; sourceTree = "<group>"; fileEncoding = undefined; lastKnownFileType = unknown; explicitFileType = undefined; includeInIndex = 0; };
		07444CE5A7794A968AC27B2B /* NotoSans-Bold.ttf */ = {isa = PBXFileReference; name = "NotoSans-Bold.ttf"; path = "../src/assets/fonts/NotoSans-Bold.ttf"; sourceTree = "<group>"; fileEncoding = undefined; lastKnownFileType = unknown; explicitFileType = undefined; includeInIndex = 0; };
		3FCCAB72C35242988F78FFAB /* NotoSans-ExtraLight.ttf */ = {isa = PBXFileReference; name = "NotoSans-ExtraLight.ttf"; path = "../src/assets/fonts/NotoSans-ExtraLight.ttf"; sourceTree = "<group>"; fileEncoding = undefined; lastKnownFileType = unknown; explicitFileType = undefined; includeInIndex = 0; };
		BC2EF0703B494537B80330A9 /* NotoSans-Light.ttf */ = {isa = PBXFileReference; name = "NotoSans-Light.ttf"; path = "../src/assets/fonts/NotoSans-Light.ttf"; sourceTree = "<group>"; fileEncoding = undefined; lastKnownFileType = unknown; explicitFileType = undefined; includeInIndex = 0; };
		73FA1D35D4E8443E838B37B3 /* NotoSans-Medium.ttf */ = {isa = PBXFileReference; name = "NotoSans-Medium.ttf"; path = "../src/assets/fonts/NotoSans-Medium.ttf"; sourceTree = "<group>"; fileEncoding = undefined; lastKnownFileType = unknown; explicitFileType = undefined; includeInIndex = 0; };
/* End PBXFileReference section */

/* Begin PBXFrameworksBuildPhase section */
		00E356EB1AD99517003FC87E /* Frameworks */ = {
			isa = PBXFrameworksBuildPhase;
			buildActionMask = 2147483647;
			files = (
				7699B88040F8A987B510C191 /* libPods-Develfood-DevelfoodTests.a in Frameworks */,
			);
			runOnlyForDeploymentPostprocessing = 0;
		};
		13B07F8C1A680F5B00A75B9A /* Frameworks */ = {
			isa = PBXFrameworksBuildPhase;
			buildActionMask = 2147483647;
			files = (
				0C80B921A6F3F58F76C31292 /* libPods-Develfood.a in Frameworks */,
			);
			runOnlyForDeploymentPostprocessing = 0;
		};
/* End PBXFrameworksBuildPhase section */

/* Begin PBXGroup section */
		00E356EF1AD99517003FC87E /* DevelfoodTests */ = {
			isa = PBXGroup;
			children = (
				00E356F21AD99517003FC87E /* DevelfoodTests.m */,
				00E356F01AD99517003FC87E /* Supporting Files */,
			);
			path = DevelfoodTests;
			sourceTree = "<group>";
		};
		00E356F01AD99517003FC87E /* Supporting Files */ = {
			isa = PBXGroup;
			children = (
				00E356F11AD99517003FC87E /* Info.plist */,
			);
			name = "Supporting Files";
			sourceTree = "<group>";
		};
		13B07FAE1A68108700A75B9A /* Develfood */ = {
			isa = PBXGroup;
			children = (
				13B07FAF1A68108700A75B9A /* AppDelegate.h */,
				13B07FB01A68108700A75B9A /* AppDelegate.mm */,
				13B07FB51A68108700A75B9A /* Images.xcassets */,
				13B07FB61A68108700A75B9A /* Info.plist */,
				81AB9BB72411601600AC10FF /* LaunchScreen.storyboard */,
				13B07FB71A68108700A75B9A /* main.m */,
			);
			name = Develfood;
			sourceTree = "<group>";
		};
		2D16E6871FA4F8E400B85C8A /* Frameworks */ = {
			isa = PBXGroup;
			children = (
				ED297162215061F000B7C4FE /* JavaScriptCore.framework */,
				5DCACB8F33CDC322A6C60F78 /* libPods-Develfood.a */,
				19F6CBCC0A4E27FBF8BF4A61 /* libPods-Develfood-DevelfoodTests.a */,
			);
			name = Frameworks;
			sourceTree = "<group>";
		};
		832341AE1AAA6A7D00B99B32 /* Libraries */ = {
			isa = PBXGroup;
			children = (
			);
			name = Libraries;
			sourceTree = "<group>";
		};
		83CBB9F61A601CBA00E9B192 = {
			isa = PBXGroup;
			children = (
				13B07FAE1A68108700A75B9A /* Develfood */,
				832341AE1AAA6A7D00B99B32 /* Libraries */,
				00E356EF1AD99517003FC87E /* DevelfoodTests */,
				83CBBA001A601CBA00E9B192 /* Products */,
				2D16E6871FA4F8E400B85C8A /* Frameworks */,
				BBD78D7AC51CEA395F1C20DB /* Pods */,
				FFB0B1ACE072420DA99F91B9 /* Resources */,
			);
			indentWidth = 2;
			sourceTree = "<group>";
			tabWidth = 2;
			usesTabs = 0;
		};
		83CBBA001A601CBA00E9B192 /* Products */ = {
			isa = PBXGroup;
			children = (
				13B07F961A680F5B00A75B9A /* Develfood.app */,
				00E356EE1AD99517003FC87E /* DevelfoodTests.xctest */,
			);
			name = Products;
			sourceTree = "<group>";
		};
		BBD78D7AC51CEA395F1C20DB /* Pods */ = {
			isa = PBXGroup;
			children = (
				3B4392A12AC88292D35C810B /* Pods-Develfood.debug.xcconfig */,
				5709B34CF0A7D63546082F79 /* Pods-Develfood.release.xcconfig */,
				5B7EB9410499542E8C5724F5 /* Pods-Develfood-DevelfoodTests.debug.xcconfig */,
				89C6BE57DB24E9ADA2F236DE /* Pods-Develfood-DevelfoodTests.release.xcconfig */,
			);
			path = Pods;
			sourceTree = "<group>";
		};
		FFB0B1ACE072420DA99F91B9 /* Resources */ = {
			isa = "PBXGroup";
			children = (
				8188A3C7C8F1480797614FBE /* Archivo-Black.ttf */,
				DD97B570F37F4E418C9DCB0D /* Archivo-Bold.ttf */,
				1990D5E01ABC4693B669B5B0 /* Archivo-Light.ttf */,
				77D138D27E184CFBB0713940 /* Archivo-Medium.ttf */,
				331AACF36DD8444EB2669AAE /* Archivo-Regular.ttf */,
				D9AE3A40815F410E9C3F9AB7 /* Archivo-Thin.ttf */,
				D5AA1E421B224C2C97435E35 /* Inter-Black.ttf */,
				40A7DEBD29264AB4A3752E79 /* Inter-Bold.ttf */,
				8589389E24FD430E9A3F3EED /* Inter-Light.ttf */,
				FCB6ED5A04EF4635A83B0640 /* Inter-Medium.ttf */,
				AED900F434464355B30D95E4 /* Inter-Regular.ttf */,
				84A43E1AC88544C8B6E178DE /* Inter-Thin.ttf */,
				0F83A12DD06A4D289AE0CB4A /* back-arrow.png */,
				503B2839F19A46008C48B5C2 /* back.png */,
				530559BEDAA54958A2F3DA2B /* banner.png */,
				31A4D7FDB5BA4A5CB5A9233F /* basket.png */,
				B6FB1B44FF134C02AD67BAF2 /* cadastroConcluido0.png */,
				34B009C78FD54152B8373761 /* CadastroConcluido1.png */,
				0E4BF20D5A73439ABAD29F3D /* CadastroConcluido2.png */,
				8CFD429878E3438AA01D2753 /* CadastroFinalizado.png */,
				B5C6FC43F3734465B26D05DD /* cancel_FILL0_wght400_GRAD0_opsz48.png */,
				12DE5779E78F423B9C362D02 /* checkoutSuccess.png */,
				090F8243DFB747B39628C220 /* close_FILL0_wght400_GRAD0_opsz48.png */,
				353C9F9C5FE24A258CA8ED4A /* credencial.png */,
				EDC2DF0274B8497EBA688307 /* credit-card.svg */,
				5F32CE7681F0429A90C3D410 /* defaultRestaurant.png */,
				102A9242B75446318ABFA902 /* delete_forever_FILL0_wght400_GRAD0_opsz48.png */,
				B9B508C29AC14138B8F2837D /* dollarSign.png */,
				E0C9FC1E0D65465EB9ACADB4 /* emptyHeart.png */,
				30B6FB37E3494FD785CE7EFC /* eye.png */,
				E3B044EB667140A4B3527D53 /* eyeCrossed.png */,
				AC3297C26CA3464CA8365BAC /* googlemaps.png */,
				A729DF4C0EB2470CB1CD763E /* greenCheck.png */,
				B74565CD03E240AE942E9497 /* hamburguer.png */,
				D350FE02A7374F6F82A20447 /* heart.png */,
				D97B71A3FE1E4D8FA140C6BD /* historic.png */,
				865E0F16346347CF9A94BE40 /* home.png */,
				CAF89667272C4D668F51FC1A /* localizacao.png */,
				8B4E25627DC44830BA9E2EF1 /* lock.png */,
				14F202D2FE23427EA9478DF3 /* logo.png */,
				6A838AFBD7414BA7800708E9 /* logoF.png */,
				57E7FA2099F24397BD534A17 /* logoLogin.png */,
				03E5541307FF43C18DC2E7C8 /* logoSplash.png */,
				61552323EACA4CB68344CCED /* lupa.png */,
				D0A26B9E65CF4FA7AC33B803 /* mail.png */,
				990583194BF24D588CBBE549 /* map.png */,
				0778287F12CE413A8FB7E44E /* mctasty.png */,
				ED8322D5F7F14541A8B025C8 /* noItemsCheckout.png */,
				7788BC3EDBD0492C90D1A02F /* notFound.png */,
				EDDED9F207B140C8B6C7C620 /* pessoa.png */,
				1A02647B975649EE896134C4 /* pin.png */,
				981D9824202D4317BB037AC6 /* pinMap.png */,
				016112C729A94B6E83C1B0A9 /* pizza.png */,
				4217EDF082114A2A9BC44CF3 /* pozinho.png */,
				474083421D264154B0939039 /* profile.png */,
				6FFDEB24E0514C56A664EAE8 /* restaurantBanner.png */,
				44382558A55648458EA46494 /* rightIndicator.png */,
				FE51901F52FE40AAAEBA3D1C /* star.png */,
				96C501335E564CDAA30FD193 /* tasty.jpg */,
				A86300EFAA7F428EBC8DF5E9 /* telefone.png */,
				B9C935CFA89242F78C3E9C1B /* trash.png */,
				0AD856D2DD0D427692BAEFB4 /* x.png */,
				EC40834D10B141D69A73DA59 /* NotoSans-Black.ttf */,
				07444CE5A7794A968AC27B2B /* NotoSans-Bold.ttf */,
				3FCCAB72C35242988F78FFAB /* NotoSans-ExtraLight.ttf */,
				BC2EF0703B494537B80330A9 /* NotoSans-Light.ttf */,
				73FA1D35D4E8443E838B37B3 /* NotoSans-Medium.ttf */,
			);
			name = Resources;
			sourceTree = "<group>";
			path = "";
		};
/* End PBXGroup section */

/* Begin PBXNativeTarget section */
		00E356ED1AD99517003FC87E /* DevelfoodTests */ = {
			isa = PBXNativeTarget;
			buildConfigurationList = 00E357021AD99517003FC87E /* Build configuration list for PBXNativeTarget "DevelfoodTests" */;
			buildPhases = (
				A55EABD7B0C7F3A422A6CC61 /* [CP] Check Pods Manifest.lock */,
				00E356EA1AD99517003FC87E /* Sources */,
				00E356EB1AD99517003FC87E /* Frameworks */,
				00E356EC1AD99517003FC87E /* Resources */,
				C59DA0FBD6956966B86A3779 /* [CP] Embed Pods Frameworks */,
				F6A41C54EA430FDDC6A6ED99 /* [CP] Copy Pods Resources */,
			);
			buildRules = (
			);
			dependencies = (
				00E356F51AD99517003FC87E /* PBXTargetDependency */,
			);
			name = DevelfoodTests;
			productName = DevelfoodTests;
			productReference = 00E356EE1AD99517003FC87E /* DevelfoodTests.xctest */;
			productType = "com.apple.product-type.bundle.unit-test";
		};
		13B07F861A680F5B00A75B9A /* Develfood */ = {
			isa = PBXNativeTarget;
			buildConfigurationList = 13B07F931A680F5B00A75B9A /* Build configuration list for PBXNativeTarget "Develfood" */;
			buildPhases = (
				C38B50BA6285516D6DCD4F65 /* [CP] Check Pods Manifest.lock */,
				FD10A7F022414F080027D42C /* Start Packager */,
				13B07F871A680F5B00A75B9A /* Sources */,
				13B07F8C1A680F5B00A75B9A /* Frameworks */,
				13B07F8E1A680F5B00A75B9A /* Resources */,
				00DD1BFF1BD5951E006B06BC /* Bundle React Native code and images */,
				00EEFC60759A1932668264C0 /* [CP] Embed Pods Frameworks */,
				E235C05ADACE081382539298 /* [CP] Copy Pods Resources */,
			);
			buildRules = (
			);
			dependencies = (
			);
			name = Develfood;
			productName = Develfood;
			productReference = 13B07F961A680F5B00A75B9A /* Develfood.app */;
			productType = "com.apple.product-type.application";
		};
/* End PBXNativeTarget section */

/* Begin PBXProject section */
		83CBB9F71A601CBA00E9B192 /* Project object */ = {
			isa = PBXProject;
			attributes = {
				LastUpgradeCheck = 1210;
				TargetAttributes = {
					00E356ED1AD99517003FC87E = {
						CreatedOnToolsVersion = 6.2;
						TestTargetID = 13B07F861A680F5B00A75B9A;
					};
					13B07F861A680F5B00A75B9A = {
						LastSwiftMigration = 1120;
					};
				};
			};
			buildConfigurationList = 83CBB9FA1A601CBA00E9B192 /* Build configuration list for PBXProject "Develfood" */;
			compatibilityVersion = "Xcode 12.0";
			developmentRegion = en;
			hasScannedForEncodings = 0;
			knownRegions = (
				en,
				Base,
			);
			mainGroup = 83CBB9F61A601CBA00E9B192;
			productRefGroup = 83CBBA001A601CBA00E9B192 /* Products */;
			projectDirPath = "";
			projectRoot = "";
			targets = (
				13B07F861A680F5B00A75B9A /* Develfood */,
				00E356ED1AD99517003FC87E /* DevelfoodTests */,
			);
		};
/* End PBXProject section */

/* Begin PBXResourcesBuildPhase section */
		00E356EC1AD99517003FC87E /* Resources */ = {
			isa = PBXResourcesBuildPhase;
			buildActionMask = 2147483647;
			files = (
			);
			runOnlyForDeploymentPostprocessing = 0;
		};
		13B07F8E1A680F5B00A75B9A /* Resources */ = {
			isa = PBXResourcesBuildPhase;
			buildActionMask = 2147483647;
			files = (
				81AB9BB82411601600AC10FF /* LaunchScreen.storyboard in Resources */,
				13B07FBF1A68108700A75B9A /* Images.xcassets in Resources */,
				A477BE6617D74D35AA4DE2A1 /* Archivo-Black.ttf in Resources */,
				11130E201180499DA1782079 /* Archivo-Bold.ttf in Resources */,
				490D2ECA947D4C86AFD3A012 /* Archivo-Light.ttf in Resources */,
				C9B70EEC4AFB4566ADC9D238 /* Archivo-Medium.ttf in Resources */,
				D7F8B4E759F242F6B9092C0B /* Archivo-Regular.ttf in Resources */,
				9A2707052504478B9E008DB7 /* Archivo-Thin.ttf in Resources */,
				F1FAAB55754F4CE68DC4C19A /* Inter-Black.ttf in Resources */,
				EC63DE0811364D1295E86C5F /* Inter-Bold.ttf in Resources */,
				78A3B33F39A14F15860E93DE /* Inter-Light.ttf in Resources */,
				4388E07A50934278A6849F40 /* Inter-Medium.ttf in Resources */,
				F9CDFB34315E423591E96DEF /* Inter-Regular.ttf in Resources */,
				0C08280208E14185B0428BA5 /* Inter-Thin.ttf in Resources */,
				1DB2E2A8CE9A4AB0A6D05B02 /* back-arrow.png in Resources */,
				EDE7966BD03E4036967D4083 /* back.png in Resources */,
				9D7D654BAD8C48DB9A899C27 /* banner.png in Resources */,
				8E2378543FEE4F048A985133 /* basket.png in Resources */,
				74FA3DF12C9D4808A4052E9E /* cadastroConcluido0.png in Resources */,
				253D1069DDF8423CAA19CBF8 /* CadastroConcluido1.png in Resources */,
				532A9A097F40422189C0CAA3 /* CadastroConcluido2.png in Resources */,
				404930EB61D24968AA9D4A21 /* CadastroFinalizado.png in Resources */,
				A6D0BAE42A1A4AD7B89F7F53 /* cancel_FILL0_wght400_GRAD0_opsz48.png in Resources */,
				216D87153FB34140918BE91C /* checkoutSuccess.png in Resources */,
				D2CB9932AD004779A0F1466D /* close_FILL0_wght400_GRAD0_opsz48.png in Resources */,
				BAF43E39B36F4FADAEAE3FCE /* credencial.png in Resources */,
				AA0E67A38E064F39B4482340 /* credit-card.svg in Resources */,
				3B1E32594DF147FFAA96E6EC /* defaultRestaurant.png in Resources */,
				2805136603774B089C87BCAB /* delete_forever_FILL0_wght400_GRAD0_opsz48.png in Resources */,
				E3C4C97683484222BFD0BC65 /* dollarSign.png in Resources */,
				68D79404D15644E7812AA415 /* emptyHeart.png in Resources */,
				78A09630963E43DDA8DA33F4 /* eye.png in Resources */,
				711D2104C0D94745AA12FC56 /* eyeCrossed.png in Resources */,
				4FE8F83B54804E8798B54C0E /* googlemaps.png in Resources */,
				42C30CF75DE847E3B5C8EA5B /* greenCheck.png in Resources */,
				6D592635B0A04D5D840EA00D /* hamburguer.png in Resources */,
				B3272A3AD18E4D519AF6319E /* heart.png in Resources */,
				A96B779B7A00482587F6E546 /* historic.png in Resources */,
				9941F124CDDE46FA83B3FBF4 /* home.png in Resources */,
				E8C2A773A6CD4E5B9D295901 /* localizacao.png in Resources */,
				AA75F44C68394EF690868336 /* lock.png in Resources */,
				A23A9FCD29864BF598026930 /* logo.png in Resources */,
				E0382F6931334F809CDAEE70 /* logoF.png in Resources */,
				1D83BD1E136A4ADAAA39CC1F /* logoLogin.png in Resources */,
				31FE1E31B2804BF0BC18CB68 /* logoSplash.png in Resources */,
				966E393274E94A948E22EF6D /* lupa.png in Resources */,
				0B2994AE9B034E50A322E3D4 /* mail.png in Resources */,
				C3E9050D6FDF47DCA12AECC8 /* map.png in Resources */,
				B1B6EDD3A9D746AEB508176B /* mctasty.png in Resources */,
				79A53C8AFE16432984C8D964 /* noItemsCheckout.png in Resources */,
				8DE5022D7DD74BABBEDD2BB7 /* notFound.png in Resources */,
				0E6309B5ECC149509C492B35 /* pessoa.png in Resources */,
				B9141F75C0214B8594B2DE12 /* pin.png in Resources */,
				4F147E0FFBD8489A9E4D81DE /* pinMap.png in Resources */,
				286C4BED16084B748597AA7A /* pizza.png in Resources */,
				5DD10B3792404BE3BE973255 /* pozinho.png in Resources */,
				398F335D73EE4AECACB868DE /* profile.png in Resources */,
				BD44C37A2C2A45D389CF9F5F /* restaurantBanner.png in Resources */,
				AD84D92B8A9E4C18ADF3A115 /* rightIndicator.png in Resources */,
				C6ED5EAD32E4402482488264 /* star.png in Resources */,
				DF3842C484E44FD88938FDD3 /* tasty.jpg in Resources */,
				F239992D2A0B49849273F1BB /* telefone.png in Resources */,
				DED13F3C60334B86A0C2C37F /* trash.png in Resources */,
				9F89794AA7E54FEBA351764C /* x.png in Resources */,
				7CA954743FF94F4A8DF619B7 /* NotoSans-Black.ttf in Resources */,
				8725AE36A8814DD9AB844D28 /* NotoSans-Bold.ttf in Resources */,
				E881A1C5E57F445E9785DEFC /* NotoSans-ExtraLight.ttf in Resources */,
				D48BB4D7419547998642010E /* NotoSans-Light.ttf in Resources */,
				A3131272BDD140B58FEFA5C2 /* NotoSans-Medium.ttf in Resources */,
			);
			runOnlyForDeploymentPostprocessing = 0;
		};
/* End PBXResourcesBuildPhase section */

/* Begin PBXShellScriptBuildPhase section */
		00DD1BFF1BD5951E006B06BC /* Bundle React Native code and images */ = {
			isa = PBXShellScriptBuildPhase;
			buildActionMask = 2147483647;
			files = (
			);
			inputPaths = (
			);
			name = "Bundle React Native code and images";
			outputPaths = (
			);
			runOnlyForDeploymentPostprocessing = 0;
			shellPath = /bin/sh;
			shellScript = "set -e\n\nexport NODE_BINARY=node\n../node_modules/react-native/scripts/react-native-xcode.sh\n";
		};
		00EEFC60759A1932668264C0 /* [CP] Embed Pods Frameworks */ = {
			isa = PBXShellScriptBuildPhase;
			buildActionMask = 2147483647;
			files = (
			);
			inputFileListPaths = (
				"${PODS_ROOT}/Target Support Files/Pods-Develfood/Pods-Develfood-frameworks-${CONFIGURATION}-input-files.xcfilelist",
			);
			name = "[CP] Embed Pods Frameworks";
			outputFileListPaths = (
				"${PODS_ROOT}/Target Support Files/Pods-Develfood/Pods-Develfood-frameworks-${CONFIGURATION}-output-files.xcfilelist",
			);
			runOnlyForDeploymentPostprocessing = 0;
			shellPath = /bin/sh;
			shellScript = "\"${PODS_ROOT}/Target Support Files/Pods-Develfood/Pods-Develfood-frameworks.sh\"\n";
			showEnvVarsInLog = 0;
		};
		A55EABD7B0C7F3A422A6CC61 /* [CP] Check Pods Manifest.lock */ = {
			isa = PBXShellScriptBuildPhase;
			buildActionMask = 2147483647;
			files = (
			);
			inputFileListPaths = (
			);
			inputPaths = (
				"${PODS_PODFILE_DIR_PATH}/Podfile.lock",
				"${PODS_ROOT}/Manifest.lock",
			);
			name = "[CP] Check Pods Manifest.lock";
			outputFileListPaths = (
			);
			outputPaths = (
				"$(DERIVED_FILE_DIR)/Pods-Develfood-DevelfoodTests-checkManifestLockResult.txt",
			);
			runOnlyForDeploymentPostprocessing = 0;
			shellPath = /bin/sh;
			shellScript = "diff \"${PODS_PODFILE_DIR_PATH}/Podfile.lock\" \"${PODS_ROOT}/Manifest.lock\" > /dev/null\nif [ $? != 0 ] ; then\n    # print error to STDERR\n    echo \"error: The sandbox is not in sync with the Podfile.lock. Run 'pod install' or update your CocoaPods installation.\" >&2\n    exit 1\nfi\n# This output is used by Xcode 'outputs' to avoid re-running this script phase.\necho \"SUCCESS\" > \"${SCRIPT_OUTPUT_FILE_0}\"\n";
			showEnvVarsInLog = 0;
		};
		C38B50BA6285516D6DCD4F65 /* [CP] Check Pods Manifest.lock */ = {
			isa = PBXShellScriptBuildPhase;
			buildActionMask = 2147483647;
			files = (
			);
			inputFileListPaths = (
			);
			inputPaths = (
				"${PODS_PODFILE_DIR_PATH}/Podfile.lock",
				"${PODS_ROOT}/Manifest.lock",
			);
			name = "[CP] Check Pods Manifest.lock";
			outputFileListPaths = (
			);
			outputPaths = (
				"$(DERIVED_FILE_DIR)/Pods-Develfood-checkManifestLockResult.txt",
			);
			runOnlyForDeploymentPostprocessing = 0;
			shellPath = /bin/sh;
			shellScript = "diff \"${PODS_PODFILE_DIR_PATH}/Podfile.lock\" \"${PODS_ROOT}/Manifest.lock\" > /dev/null\nif [ $? != 0 ] ; then\n    # print error to STDERR\n    echo \"error: The sandbox is not in sync with the Podfile.lock. Run 'pod install' or update your CocoaPods installation.\" >&2\n    exit 1\nfi\n# This output is used by Xcode 'outputs' to avoid re-running this script phase.\necho \"SUCCESS\" > \"${SCRIPT_OUTPUT_FILE_0}\"\n";
			showEnvVarsInLog = 0;
		};
		C59DA0FBD6956966B86A3779 /* [CP] Embed Pods Frameworks */ = {
			isa = PBXShellScriptBuildPhase;
			buildActionMask = 2147483647;
			files = (
			);
			inputFileListPaths = (
				"${PODS_ROOT}/Target Support Files/Pods-Develfood-DevelfoodTests/Pods-Develfood-DevelfoodTests-frameworks-${CONFIGURATION}-input-files.xcfilelist",
			);
			name = "[CP] Embed Pods Frameworks";
			outputFileListPaths = (
				"${PODS_ROOT}/Target Support Files/Pods-Develfood-DevelfoodTests/Pods-Develfood-DevelfoodTests-frameworks-${CONFIGURATION}-output-files.xcfilelist",
			);
			runOnlyForDeploymentPostprocessing = 0;
			shellPath = /bin/sh;
			shellScript = "\"${PODS_ROOT}/Target Support Files/Pods-Develfood-DevelfoodTests/Pods-Develfood-DevelfoodTests-frameworks.sh\"\n";
			showEnvVarsInLog = 0;
		};
		E235C05ADACE081382539298 /* [CP] Copy Pods Resources */ = {
			isa = PBXShellScriptBuildPhase;
			buildActionMask = 2147483647;
			files = (
			);
			inputFileListPaths = (
				"${PODS_ROOT}/Target Support Files/Pods-Develfood/Pods-Develfood-resources-${CONFIGURATION}-input-files.xcfilelist",
			);
			name = "[CP] Copy Pods Resources";
			outputFileListPaths = (
				"${PODS_ROOT}/Target Support Files/Pods-Develfood/Pods-Develfood-resources-${CONFIGURATION}-output-files.xcfilelist",
			);
			runOnlyForDeploymentPostprocessing = 0;
			shellPath = /bin/sh;
			shellScript = "\"${PODS_ROOT}/Target Support Files/Pods-Develfood/Pods-Develfood-resources.sh\"\n";
			showEnvVarsInLog = 0;
		};
		F6A41C54EA430FDDC6A6ED99 /* [CP] Copy Pods Resources */ = {
			isa = PBXShellScriptBuildPhase;
			buildActionMask = 2147483647;
			files = (
			);
			inputFileListPaths = (
				"${PODS_ROOT}/Target Support Files/Pods-Develfood-DevelfoodTests/Pods-Develfood-DevelfoodTests-resources-${CONFIGURATION}-input-files.xcfilelist",
			);
			name = "[CP] Copy Pods Resources";
			outputFileListPaths = (
				"${PODS_ROOT}/Target Support Files/Pods-Develfood-DevelfoodTests/Pods-Develfood-DevelfoodTests-resources-${CONFIGURATION}-output-files.xcfilelist",
			);
			runOnlyForDeploymentPostprocessing = 0;
			shellPath = /bin/sh;
			shellScript = "\"${PODS_ROOT}/Target Support Files/Pods-Develfood-DevelfoodTests/Pods-Develfood-DevelfoodTests-resources.sh\"\n";
			showEnvVarsInLog = 0;
		};
		FD10A7F022414F080027D42C /* Start Packager */ = {
			isa = PBXShellScriptBuildPhase;
			buildActionMask = 2147483647;
			files = (
			);
			inputFileListPaths = (
			);
			inputPaths = (
			);
			name = "Start Packager";
			outputFileListPaths = (
			);
			outputPaths = (
			);
			runOnlyForDeploymentPostprocessing = 0;
			shellPath = /bin/sh;
			shellScript = "export RCT_METRO_PORT=\"${RCT_METRO_PORT:=8081}\"\necho \"export RCT_METRO_PORT=${RCT_METRO_PORT}\" > \"${SRCROOT}/../node_modules/react-native/scripts/.packager.env\"\nif [ -z \"${RCT_NO_LAUNCH_PACKAGER+xxx}\" ] ; then\n  if nc -w 5 -z localhost ${RCT_METRO_PORT} ; then\n    if ! curl -s \"http://localhost:${RCT_METRO_PORT}/status\" | grep -q \"packager-status:running\" ; then\n      echo \"Port ${RCT_METRO_PORT} already in use, packager is either not running or not running correctly\"\n      exit 2\n    fi\n  else\n    open \"$SRCROOT/../node_modules/react-native/scripts/launchPackager.command\" || echo \"Can't start packager automatically\"\n  fi\nfi\n";
			showEnvVarsInLog = 0;
		};
/* End PBXShellScriptBuildPhase section */

/* Begin PBXSourcesBuildPhase section */
		00E356EA1AD99517003FC87E /* Sources */ = {
			isa = PBXSourcesBuildPhase;
			buildActionMask = 2147483647;
			files = (
				00E356F31AD99517003FC87E /* DevelfoodTests.m in Sources */,
			);
			runOnlyForDeploymentPostprocessing = 0;
		};
		13B07F871A680F5B00A75B9A /* Sources */ = {
			isa = PBXSourcesBuildPhase;
			buildActionMask = 2147483647;
			files = (
				13B07FBC1A68108700A75B9A /* AppDelegate.mm in Sources */,
				13B07FC11A68108700A75B9A /* main.m in Sources */,
			);
			runOnlyForDeploymentPostprocessing = 0;
		};
/* End PBXSourcesBuildPhase section */

/* Begin PBXTargetDependency section */
		00E356F51AD99517003FC87E /* PBXTargetDependency */ = {
			isa = PBXTargetDependency;
			target = 13B07F861A680F5B00A75B9A /* Develfood */;
			targetProxy = 00E356F41AD99517003FC87E /* PBXContainerItemProxy */;
		};
/* End PBXTargetDependency section */

/* Begin XCBuildConfiguration section */
		00E356F61AD99517003FC87E /* Debug */ = {
			isa = XCBuildConfiguration;
			baseConfigurationReference = 5B7EB9410499542E8C5724F5 /* Pods-Develfood-DevelfoodTests.debug.xcconfig */;
			buildSettings = {
				BUNDLE_LOADER = "$(TEST_HOST)";
				GCC_PREPROCESSOR_DEFINITIONS = (
					"DEBUG=1",
					"$(inherited)",
				);
				INFOPLIST_FILE = DevelfoodTests/Info.plist;
				IPHONEOS_DEPLOYMENT_TARGET = 11.0;
				LD_RUNPATH_SEARCH_PATHS = (
					"$(inherited)",
					"@executable_path/Frameworks",
					"@loader_path/Frameworks",
				);
				OTHER_LDFLAGS = (
					"-ObjC",
					"-lc++",
					"$(inherited)",
				);
				PRODUCT_BUNDLE_IDENTIFIER = "org.reactjs.native.example.$(PRODUCT_NAME:rfc1034identifier)";
				PRODUCT_NAME = "$(TARGET_NAME)";
				TEST_HOST = "$(BUILT_PRODUCTS_DIR)/Develfood.app/Develfood";
			};
			name = Debug;
		};
		00E356F71AD99517003FC87E /* Release */ = {
			isa = XCBuildConfiguration;
			baseConfigurationReference = 89C6BE57DB24E9ADA2F236DE /* Pods-Develfood-DevelfoodTests.release.xcconfig */;
			buildSettings = {
				BUNDLE_LOADER = "$(TEST_HOST)";
				COPY_PHASE_STRIP = NO;
				INFOPLIST_FILE = DevelfoodTests/Info.plist;
				IPHONEOS_DEPLOYMENT_TARGET = 11.0;
				LD_RUNPATH_SEARCH_PATHS = (
					"$(inherited)",
					"@executable_path/Frameworks",
					"@loader_path/Frameworks",
				);
				OTHER_LDFLAGS = (
					"-ObjC",
					"-lc++",
					"$(inherited)",
				);
				PRODUCT_BUNDLE_IDENTIFIER = "org.reactjs.native.example.$(PRODUCT_NAME:rfc1034identifier)";
				PRODUCT_NAME = "$(TARGET_NAME)";
				TEST_HOST = "$(BUILT_PRODUCTS_DIR)/Develfood.app/Develfood";
			};
			name = Release;
		};
		13B07F941A680F5B00A75B9A /* Debug */ = {
			isa = XCBuildConfiguration;
			baseConfigurationReference = 3B4392A12AC88292D35C810B /* Pods-Develfood.debug.xcconfig */;
			buildSettings = {
				ASSETCATALOG_COMPILER_APPICON_NAME = AppIcon;
				CLANG_ENABLE_MODULES = YES;
				CURRENT_PROJECT_VERSION = 1;
				ENABLE_BITCODE = NO;
				INFOPLIST_FILE = Develfood/Info.plist;
				LD_RUNPATH_SEARCH_PATHS = (
					"$(inherited)",
					"@executable_path/Frameworks",
				);
				OTHER_LDFLAGS = (
					"$(inherited)",
					"-ObjC",
					"-lc++",
				);
				PRODUCT_BUNDLE_IDENTIFIER = "org.reactjs.native.example.$(PRODUCT_NAME:rfc1034identifier)";
				PRODUCT_NAME = Develfood;
				SWIFT_OPTIMIZATION_LEVEL = "-Onone";
				SWIFT_VERSION = 5.0;
				VERSIONING_SYSTEM = "apple-generic";
			};
			name = Debug;
		};
		13B07F951A680F5B00A75B9A /* Release */ = {
			isa = XCBuildConfiguration;
			baseConfigurationReference = 5709B34CF0A7D63546082F79 /* Pods-Develfood.release.xcconfig */;
			buildSettings = {
				ASSETCATALOG_COMPILER_APPICON_NAME = AppIcon;
				CLANG_ENABLE_MODULES = YES;
				CURRENT_PROJECT_VERSION = 1;
				INFOPLIST_FILE = Develfood/Info.plist;
				LD_RUNPATH_SEARCH_PATHS = (
					"$(inherited)",
					"@executable_path/Frameworks",
				);
				OTHER_LDFLAGS = (
					"$(inherited)",
					"-ObjC",
					"-lc++",
				);
				PRODUCT_BUNDLE_IDENTIFIER = "org.reactjs.native.example.$(PRODUCT_NAME:rfc1034identifier)";
				PRODUCT_NAME = Develfood;
				SWIFT_VERSION = 5.0;
				VERSIONING_SYSTEM = "apple-generic";
			};
			name = Release;
		};
		83CBBA201A601CBA00E9B192 /* Debug */ = {
			isa = XCBuildConfiguration;
			buildSettings = {
				ALWAYS_SEARCH_USER_PATHS = NO;
				CLANG_ANALYZER_LOCALIZABILITY_NONLOCALIZED = YES;
				CLANG_CXX_LANGUAGE_STANDARD = "c++17";
				CLANG_CXX_LIBRARY = "libc++";
				CLANG_ENABLE_MODULES = YES;
				CLANG_ENABLE_OBJC_ARC = YES;
				CLANG_WARN_BLOCK_CAPTURE_AUTORELEASING = YES;
				CLANG_WARN_BOOL_CONVERSION = YES;
				CLANG_WARN_COMMA = YES;
				CLANG_WARN_CONSTANT_CONVERSION = YES;
				CLANG_WARN_DEPRECATED_OBJC_IMPLEMENTATIONS = YES;
				CLANG_WARN_DIRECT_OBJC_ISA_USAGE = YES_ERROR;
				CLANG_WARN_EMPTY_BODY = YES;
				CLANG_WARN_ENUM_CONVERSION = YES;
				CLANG_WARN_INFINITE_RECURSION = YES;
				CLANG_WARN_INT_CONVERSION = YES;
				CLANG_WARN_NON_LITERAL_NULL_CONVERSION = YES;
				CLANG_WARN_OBJC_IMPLICIT_RETAIN_SELF = YES;
				CLANG_WARN_OBJC_LITERAL_CONVERSION = YES;
				CLANG_WARN_OBJC_ROOT_CLASS = YES_ERROR;
				CLANG_WARN_QUOTED_INCLUDE_IN_FRAMEWORK_HEADER = YES;
				CLANG_WARN_RANGE_LOOP_ANALYSIS = YES;
				CLANG_WARN_STRICT_PROTOTYPES = YES;
				CLANG_WARN_SUSPICIOUS_MOVE = YES;
				CLANG_WARN_UNREACHABLE_CODE = YES;
				CLANG_WARN__DUPLICATE_METHOD_MATCH = YES;
				"CODE_SIGN_IDENTITY[sdk=iphoneos*]" = "iPhone Developer";
				COPY_PHASE_STRIP = NO;
				ENABLE_STRICT_OBJC_MSGSEND = YES;
				ENABLE_TESTABILITY = YES;
				"EXCLUDED_ARCHS[sdk=iphonesimulator*]" = "";
				GCC_C_LANGUAGE_STANDARD = gnu99;
				GCC_DYNAMIC_NO_PIC = NO;
				GCC_NO_COMMON_BLOCKS = YES;
				GCC_OPTIMIZATION_LEVEL = 0;
				GCC_PREPROCESSOR_DEFINITIONS = (
					"DEBUG=1",
					"$(inherited)",
				);
				GCC_SYMBOLS_PRIVATE_EXTERN = NO;
				GCC_WARN_64_TO_32_BIT_CONVERSION = YES;
				GCC_WARN_ABOUT_RETURN_TYPE = YES_ERROR;
				GCC_WARN_UNDECLARED_SELECTOR = YES;
				GCC_WARN_UNINITIALIZED_AUTOS = YES_AGGRESSIVE;
				GCC_WARN_UNUSED_FUNCTION = YES;
				GCC_WARN_UNUSED_VARIABLE = YES;
				IPHONEOS_DEPLOYMENT_TARGET = 11.0;
				LD_RUNPATH_SEARCH_PATHS = (
					/usr/lib/swift,
					"$(inherited)",
				);
				LIBRARY_SEARCH_PATHS = (
					"\"$(SDKROOT)/usr/lib/swift\"",
					"\"$(TOOLCHAIN_DIR)/usr/lib/swift/$(PLATFORM_NAME)\"",
					"\"$(inherited)\"",
				);
				MTL_ENABLE_DEBUG_INFO = YES;
				ONLY_ACTIVE_ARCH = YES;
				OTHER_CPLUSPLUSFLAGS = (
					"$(OTHER_CFLAGS)",
					"-DFOLLY_NO_CONFIG",
					"-DFOLLY_MOBILE=1",
					"-DFOLLY_USE_LIBCPP=1",
				);
				SDKROOT = iphoneos;
			};
			name = Debug;
		};
		83CBBA211A601CBA00E9B192 /* Release */ = {
			isa = XCBuildConfiguration;
			buildSettings = {
				ALWAYS_SEARCH_USER_PATHS = NO;
				CLANG_ANALYZER_LOCALIZABILITY_NONLOCALIZED = YES;
				CLANG_CXX_LANGUAGE_STANDARD = "c++17";
				CLANG_CXX_LIBRARY = "libc++";
				CLANG_ENABLE_MODULES = YES;
				CLANG_ENABLE_OBJC_ARC = YES;
				CLANG_WARN_BLOCK_CAPTURE_AUTORELEASING = YES;
				CLANG_WARN_BOOL_CONVERSION = YES;
				CLANG_WARN_COMMA = YES;
				CLANG_WARN_CONSTANT_CONVERSION = YES;
				CLANG_WARN_DEPRECATED_OBJC_IMPLEMENTATIONS = YES;
				CLANG_WARN_DIRECT_OBJC_ISA_USAGE = YES_ERROR;
				CLANG_WARN_EMPTY_BODY = YES;
				CLANG_WARN_ENUM_CONVERSION = YES;
				CLANG_WARN_INFINITE_RECURSION = YES;
				CLANG_WARN_INT_CONVERSION = YES;
				CLANG_WARN_NON_LITERAL_NULL_CONVERSION = YES;
				CLANG_WARN_OBJC_IMPLICIT_RETAIN_SELF = YES;
				CLANG_WARN_OBJC_LITERAL_CONVERSION = YES;
				CLANG_WARN_OBJC_ROOT_CLASS = YES_ERROR;
				CLANG_WARN_QUOTED_INCLUDE_IN_FRAMEWORK_HEADER = YES;
				CLANG_WARN_RANGE_LOOP_ANALYSIS = YES;
				CLANG_WARN_STRICT_PROTOTYPES = YES;
				CLANG_WARN_SUSPICIOUS_MOVE = YES;
				CLANG_WARN_UNREACHABLE_CODE = YES;
				CLANG_WARN__DUPLICATE_METHOD_MATCH = YES;
				"CODE_SIGN_IDENTITY[sdk=iphoneos*]" = "iPhone Developer";
				COPY_PHASE_STRIP = YES;
				ENABLE_NS_ASSERTIONS = NO;
				ENABLE_STRICT_OBJC_MSGSEND = YES;
				"EXCLUDED_ARCHS[sdk=iphonesimulator*]" = "";
				GCC_C_LANGUAGE_STANDARD = gnu99;
				GCC_NO_COMMON_BLOCKS = YES;
				GCC_WARN_64_TO_32_BIT_CONVERSION = YES;
				GCC_WARN_ABOUT_RETURN_TYPE = YES_ERROR;
				GCC_WARN_UNDECLARED_SELECTOR = YES;
				GCC_WARN_UNINITIALIZED_AUTOS = YES_AGGRESSIVE;
				GCC_WARN_UNUSED_FUNCTION = YES;
				GCC_WARN_UNUSED_VARIABLE = YES;
				IPHONEOS_DEPLOYMENT_TARGET = 11.0;
				LD_RUNPATH_SEARCH_PATHS = (
					/usr/lib/swift,
					"$(inherited)",
				);
				LIBRARY_SEARCH_PATHS = (
					"\"$(SDKROOT)/usr/lib/swift\"",
					"\"$(TOOLCHAIN_DIR)/usr/lib/swift/$(PLATFORM_NAME)\"",
					"\"$(inherited)\"",
				);
				MTL_ENABLE_DEBUG_INFO = NO;
				OTHER_CPLUSPLUSFLAGS = (
					"$(OTHER_CFLAGS)",
					"-DFOLLY_NO_CONFIG",
					"-DFOLLY_MOBILE=1",
					"-DFOLLY_USE_LIBCPP=1",
				);
				SDKROOT = iphoneos;
				VALIDATE_PRODUCT = YES;
			};
			name = Release;
		};
/* End XCBuildConfiguration section */

/* Begin XCConfigurationList section */
		00E357021AD99517003FC87E /* Build configuration list for PBXNativeTarget "DevelfoodTests" */ = {
			isa = XCConfigurationList;
			buildConfigurations = (
				00E356F61AD99517003FC87E /* Debug */,
				00E356F71AD99517003FC87E /* Release */,
			);
			defaultConfigurationIsVisible = 0;
			defaultConfigurationName = Release;
		};
		13B07F931A680F5B00A75B9A /* Build configuration list for PBXNativeTarget "Develfood" */ = {
			isa = XCConfigurationList;
			buildConfigurations = (
				13B07F941A680F5B00A75B9A /* Debug */,
				13B07F951A680F5B00A75B9A /* Release */,
			);
			defaultConfigurationIsVisible = 0;
			defaultConfigurationName = Release;
		};
		83CBB9FA1A601CBA00E9B192 /* Build configuration list for PBXProject "Develfood" */ = {
			isa = XCConfigurationList;
			buildConfigurations = (
				83CBBA201A601CBA00E9B192 /* Debug */,
				83CBBA211A601CBA00E9B192 /* Release */,
			);
			defaultConfigurationIsVisible = 0;
			defaultConfigurationName = Release;
		};
/* End XCConfigurationList section */
	};
	rootObject = 83CBB9F71A601CBA00E9B192 /* Project object */;
}
